
Microsoft Visual Studio Solution File, Format Version 12.00
# Visual Studio Version 16
VisualStudioVersion = 16.0.31410.357
MinimumVisualStudioVersion = 10.0.40219.1
Project("{FAE04EC0-301F-11D3-BF4B-00C04F79EFBC}") = "Uppgift1Primtal", "Uppgift1Primtal\Uppgift1Primtal.csproj", "{4C519422-1B56-4151-BBF2-862BCDC09B8C}"
EndProject
Global
	GlobalSection(SolutionConfigurationPlatforms) = preSolution
		Debug|Any CPU = Debug|Any CPU
		Release|Any CPU = Release|Any CPU
	EndGlobalSection
	GlobalSection(ProjectConfigurationPlatforms) = postSolution
		{4C519422-1B56-4151-BBF2-862BCDC09B8C}.Debug|Any CPU.ActiveCfg = Debug|Any CPU
		{4C519422-1B56-4151-BBF2-862BCDC09B8C}.Debug|Any CPU.Build.0 = Debug|Any CPU
		{4C519422-1B56-4151-BBF2-862BCDC09B8C}.Release|Any CPU.ActiveCfg = Release|Any CPU
		{4C519422-1B56-4151-BBF2-862BCDC09B8C}.Release|Any CPU.Build.0 = Release|Any CPU
	EndGlobalSection
	GlobalSection(SolutionProperties) = preSolution
		HideSolutionNode = FALSE
	EndGlobalSection
	GlobalSection(ExtensibilityGlobals) = postSolution
		SolutionGuid = {2C22A644-290C-492F-A70B-375FE8B6FA2D}
	EndGlobalSection
EndGlobal
